
Microsoft Visual Studio Solution File, Format Version 12.00
# Visual Studio 14
VisualStudioVersion = 14.0.25420.1
MinimumVisualStudioVersion = 10.0.40219.1
Project("{FAE04EC0-301F-11D3-BF4B-00C04F79EFBC}") = "RingBuffer", "RingBuffer.csproj", "{9A90995C-13FE-42B1-AA4B-031AA0930C4F}"
EndProject
Project("{FAE04EC0-301F-11D3-BF4B-00C04F79EFBC}") = "RingBuffer.Tests", "RingBufferTest\RingBuffer.Tests.csproj", "{5EB202B3-31DD-42C5-A786-5ACD49F3822F}"
EndProject
Global
	GlobalSection(SolutionConfigurationPlatforms) = preSolution
		Debug|Any CPU = Debug|Any CPU
		Release|Any CPU = Release|Any CPU
	EndGlobalSection
	GlobalSection(ProjectConfigurationPlatforms) = postSolution
		{9A90995C-13FE-42B1-AA4B-031AA0930C4F}.Debug|Any CPU.ActiveCfg = Debug|Any CPU
		{9A90995C-13FE-42B1-AA4B-031AA0930C4F}.Debug|Any CPU.Build.0 = Debug|Any CPU
		{9A90995C-13FE-42B1-AA4B-031AA0930C4F}.Release|Any CPU.ActiveCfg = Release|Any CPU
		{9A90995C-13FE-42B1-AA4B-031AA0930C4F}.Release|Any CPU.Build.0 = Release|Any CPU
		{5EB202B3-31DD-42C5-A786-5ACD49F3822F}.Debug|Any CPU.ActiveCfg = Debug|Any CPU
		{5EB202B3-31DD-42C5-A786-5ACD49F3822F}.Debug|Any CPU.Build.0 = Debug|Any CPU
		{5EB202B3-31DD-42C5-A786-5ACD49F3822F}.Release|Any CPU.ActiveCfg = Release|Any CPU
		{5EB202B3-31DD-42C5-A786-5ACD49F3822F}.Release|Any CPU.Build.0 = Release|Any CPU
	EndGlobalSection
	GlobalSection(SolutionProperties) = preSolution
		HideSolutionNode = FALSE
	EndGlobalSection
EndGlobal
